
Microsoft Visual Studio Solution File, Format Version 12.00
# Visual Studio 15
VisualStudioVersion = 15.0.26124.0
MinimumVisualStudioVersion = 15.0.26124.0
Project("{FAE04EC0-301F-11D3-BF4B-00C04F79EFBC}") = "Week1.Console", "Week1.Console\Week1.Console.csproj", "{F0BA8706-2A70-4739-8A71-434AACA493C7}"
EndProject
Project("{FAE04EC0-301F-11D3-BF4B-00C04F79EFBC}") = "Week1.Domain", "Week1.Domain\Week1.Domain.csproj", "{B3C6CC7B-FAE8-4BBB-9A98-477A9318A503}"
EndProject
Project("{FAE04EC0-301F-11D3-BF4B-00C04F79EFBC}") = "Week1.Testing", "Week1.Testing\Week1.Testing.csproj", "{918B5D48-2731-4AD1-85E5-24070EDD3DF7}"
EndProject
Global
	GlobalSection(SolutionConfigurationPlatforms) = preSolution
		Debug|Any CPU = Debug|Any CPU
		Debug|x64 = Debug|x64
		Debug|x86 = Debug|x86
		Release|Any CPU = Release|Any CPU
		Release|x64 = Release|x64
		Release|x86 = Release|x86
	EndGlobalSection
	GlobalSection(SolutionProperties) = preSolution
		HideSolutionNode = FALSE
	EndGlobalSection
	GlobalSection(ProjectConfigurationPlatforms) = postSolution
		{F0BA8706-2A70-4739-8A71-434AACA493C7}.Debug|Any CPU.ActiveCfg = Debug|Any CPU
		{F0BA8706-2A70-4739-8A71-434AACA493C7}.Debug|Any CPU.Build.0 = Debug|Any CPU
		{F0BA8706-2A70-4739-8A71-434AACA493C7}.Debug|x64.ActiveCfg = Debug|Any CPU
		{F0BA8706-2A70-4739-8A71-434AACA493C7}.Debug|x64.Build.0 = Debug|Any CPU
		{F0BA8706-2A70-4739-8A71-434AACA493C7}.Debug|x86.ActiveCfg = Debug|Any CPU
		{F0BA8706-2A70-4739-8A71-434AACA493C7}.Debug|x86.Build.0 = Debug|Any CPU
		{F0BA8706-2A70-4739-8A71-434AACA493C7}.Release|Any CPU.ActiveCfg = Release|Any CPU
		{F0BA8706-2A70-4739-8A71-434AACA493C7}.Release|Any CPU.Build.0 = Release|Any CPU
		{F0BA8706-2A70-4739-8A71-434AACA493C7}.Release|x64.ActiveCfg = Release|Any CPU
		{F0BA8706-2A70-4739-8A71-434AACA493C7}.Release|x64.Build.0 = Release|Any CPU
		{F0BA8706-2A70-4739-8A71-434AACA493C7}.Release|x86.ActiveCfg = Release|Any CPU
		{F0BA8706-2A70-4739-8A71-434AACA493C7}.Release|x86.Build.0 = Release|Any CPU
		{B3C6CC7B-FAE8-4BBB-9A98-477A9318A503}.Debug|Any CPU.ActiveCfg = Debug|Any CPU
		{B3C6CC7B-FAE8-4BBB-9A98-477A9318A503}.Debug|Any CPU.Build.0 = Debug|Any CPU
		{B3C6CC7B-FAE8-4BBB-9A98-477A9318A503}.Debug|x64.ActiveCfg = Debug|Any CPU
		{B3C6CC7B-FAE8-4BBB-9A98-477A9318A503}.Debug|x64.Build.0 = Debug|Any CPU
		{B3C6CC7B-FAE8-4BBB-9A98-477A9318A503}.Debug|x86.ActiveCfg = Debug|Any CPU
		{B3C6CC7B-FAE8-4BBB-9A98-477A9318A503}.Debug|x86.Build.0 = Debug|Any CPU
		{B3C6CC7B-FAE8-4BBB-9A98-477A9318A503}.Release|Any CPU.ActiveCfg = Release|Any CPU
		{B3C6CC7B-FAE8-4BBB-9A98-477A9318A503}.Release|Any CPU.Build.0 = Release|Any CPU
		{B3C6CC7B-FAE8-4BBB-9A98-477A9318A503}.Release|x64.ActiveCfg = Release|Any CPU
		{B3C6CC7B-FAE8-4BBB-9A98-477A9318A503}.Release|x64.Build.0 = Release|Any CPU
		{B3C6CC7B-FAE8-4BBB-9A98-477A9318A503}.Release|x86.ActiveCfg = Release|Any CPU
		{B3C6CC7B-FAE8-4BBB-9A98-477A9318A503}.Release|x86.Build.0 = Release|Any CPU
		{918B5D48-2731-4AD1-85E5-24070EDD3DF7}.Debug|Any CPU.ActiveCfg = Debug|Any CPU
		{918B5D48-2731-4AD1-85E5-24070EDD3DF7}.Debug|Any CPU.Build.0 = Debug|Any CPU
		{918B5D48-2731-4AD1-85E5-24070EDD3DF7}.Debug|x64.ActiveCfg = Debug|Any CPU
		{918B5D48-2731-4AD1-85E5-24070EDD3DF7}.Debug|x64.Build.0 = Debug|Any CPU
		{918B5D48-2731-4AD1-85E5-24070EDD3DF7}.Debug|x86.ActiveCfg = Debug|Any CPU
		{918B5D48-2731-4AD1-85E5-24070EDD3DF7}.Debug|x86.Build.0 = Debug|Any CPU
		{918B5D48-2731-4AD1-85E5-24070EDD3DF7}.Release|Any CPU.ActiveCfg = Release|Any CPU
		{918B5D48-2731-4AD1-85E5-24070EDD3DF7}.Release|Any CPU.Build.0 = Release|Any CPU
		{918B5D48-2731-4AD1-85E5-24070EDD3DF7}.Release|x64.ActiveCfg = Release|Any CPU
		{918B5D48-2731-4AD1-85E5-24070EDD3DF7}.Release|x64.Build.0 = Release|Any CPU
		{918B5D48-2731-4AD1-85E5-24070EDD3DF7}.Release|x86.ActiveCfg = Release|Any CPU
		{918B5D48-2731-4AD1-85E5-24070EDD3DF7}.Release|x86.Build.0 = Release|Any CPU
	EndGlobalSection
EndGlobal
